schema: '2.0'
stages:
  prepare:
    cmd: python -m model_training.data_prep
    deps:
    - path: data/raw/a1_RestaurantReviews_HistoricDump.tsv
      hash: md5
      md5: 8104bfc2f44d60939e1fd3208a187500
      size: 55587
    - path: src/model_training/config.py
      hash: md5
      md5: 80c446d2afe7225160a3c9f7630531e7
      size: 376
    - path: src/model_training/data_prep.py
      hash: md5
      md5: 6ccd9da4899fcdfc5f5b571b7c1ce842
      size: 1478
    outs:
    - path: data/preprocessed
      hash: md5
      md5: 271a64171afe3151e94ec2961c13959f.dir
      size: 31638
      nfiles: 3
  train:
    cmd: python -m model_training.train
    deps:
    - path: data/preprocessed
      hash: md5
      md5: 271a64171afe3151e94ec2961c13959f.dir
      size: 31638
      nfiles: 3
    - path: src/model_training/config.py
      hash: md5
      md5: 80c446d2afe7225160a3c9f7630531e7
      size: 376
    - path: src/model_training/train.py
      hash: md5
      md5: 84c63287bd722342745e8784e07938b1
      size: 940
    outs:
    - path: models
      hash: md5
      md5: f3fa5ab3c834a12d82139975178a715a.dir
      size: 5930
      nfiles: 2
  evaluate:
    cmd: python -m model_training.evaluate
    deps:
    - path: data/preprocessed
      hash: md5
      md5: 271a64171afe3151e94ec2961c13959f.dir
      size: 31638
      nfiles: 3
    - path: models
      hash: md5
      md5: f3fa5ab3c834a12d82139975178a715a.dir
      size: 5930
      nfiles: 2
    - path: src/model_training/config.py
      hash: md5
      md5: 80c446d2afe7225160a3c9f7630531e7
      size: 376
    - path: src/model_training/evaluate.py
      hash: md5
      md5: a8315bd0aa0c61e2246c5116efdd362e
      size: 1052
    outs:
    - path: reports/metrics.json
      hash: md5
      md5: 70057d0c2a600855d3c369dd17fc7d71
      size: 127
